
Microsoft Visual Studio Solution File, Format Version 12.00
# Visual Studio Version 17
VisualStudioVersion = 17.11.35312.102
MinimumVisualStudioVersion = 10.0.40219.1
Project("{9A19103F-16F7-4668-BE54-9A1E7A4F7556}") = "Order.API", "Order.API\Order.API.csproj", "{12B39BB8-054E-43A6-A9AB-E9221865BB46}"
EndProject
Project("{9A19103F-16F7-4668-BE54-9A1E7A4F7556}") = "Shared", "Shared\Shared.csproj", "{01D4E705-F0B3-4F55-8E0F-3E12E23C9B91}"
EndProject
Project("{FAE04EC0-301F-11D3-BF4B-00C04F79EFBC}") = "Stock.API", "Stock.API\Stock.API.csproj", "{AA7A8A32-5526-4E09-A410-6CDA45B55C63}"
EndProject
Project("{FAE04EC0-301F-11D3-BF4B-00C04F79EFBC}") = "Payment.API", "Payment.API\Payment.API.csproj", "{FC45F7D9-3900-4D16-B370-50FBFD1A746E}"
EndProject
Global
	GlobalSection(SolutionConfigurationPlatforms) = preSolution
		Debug|Any CPU = Debug|Any CPU
		Release|Any CPU = Release|Any CPU
	EndGlobalSection
	GlobalSection(ProjectConfigurationPlatforms) = postSolution
		{12B39BB8-054E-43A6-A9AB-E9221865BB46}.Debug|Any CPU.ActiveCfg = Debug|Any CPU
		{12B39BB8-054E-43A6-A9AB-E9221865BB46}.Debug|Any CPU.Build.0 = Debug|Any CPU
		{12B39BB8-054E-43A6-A9AB-E9221865BB46}.Release|Any CPU.ActiveCfg = Release|Any CPU
		{12B39BB8-054E-43A6-A9AB-E9221865BB46}.Release|Any CPU.Build.0 = Release|Any CPU
		{01D4E705-F0B3-4F55-8E0F-3E12E23C9B91}.Debug|Any CPU.ActiveCfg = Debug|Any CPU
		{01D4E705-F0B3-4F55-8E0F-3E12E23C9B91}.Debug|Any CPU.Build.0 = Debug|Any CPU
		{01D4E705-F0B3-4F55-8E0F-3E12E23C9B91}.Release|Any CPU.ActiveCfg = Release|Any CPU
		{01D4E705-F0B3-4F55-8E0F-3E12E23C9B91}.Release|Any CPU.Build.0 = Release|Any CPU
		{AA7A8A32-5526-4E09-A410-6CDA45B55C63}.Debug|Any CPU.ActiveCfg = Debug|Any CPU
		{AA7A8A32-5526-4E09-A410-6CDA45B55C63}.Debug|Any CPU.Build.0 = Debug|Any CPU
		{AA7A8A32-5526-4E09-A410-6CDA45B55C63}.Release|Any CPU.ActiveCfg = Release|Any CPU
		{AA7A8A32-5526-4E09-A410-6CDA45B55C63}.Release|Any CPU.Build.0 = Release|Any CPU
		{FC45F7D9-3900-4D16-B370-50FBFD1A746E}.Debug|Any CPU.ActiveCfg = Debug|Any CPU
		{FC45F7D9-3900-4D16-B370-50FBFD1A746E}.Debug|Any CPU.Build.0 = Debug|Any CPU
		{FC45F7D9-3900-4D16-B370-50FBFD1A746E}.Release|Any CPU.ActiveCfg = Release|Any CPU
		{FC45F7D9-3900-4D16-B370-50FBFD1A746E}.Release|Any CPU.Build.0 = Release|Any CPU
	EndGlobalSection
	GlobalSection(SolutionProperties) = preSolution
		HideSolutionNode = FALSE
	EndGlobalSection
	GlobalSection(ExtensibilityGlobals) = postSolution
		SolutionGuid = {26106419-16BC-47F3-AEAD-F95FCD073D3D}
	EndGlobalSection
EndGlobal
